
Microsoft Visual Studio Solution File, Format Version 12.00
# Visual Studio 2012
Project("{FAE04EC0-301F-11D3-BF4B-00C04F79EFBC}") = "sdtime-web", "sdtime-web\sdtime-web.csproj", "{388826E0-297F-4991-B0A9-B12BBB1D1FED}"
EndProject
Project("{FAE04EC0-301F-11D3-BF4B-00C04F79EFBC}") = "SD.CWServices", "SD.CWServices\SD.CWServices.csproj", "{A70F4E84-72AE-4B1C-BB94-57C2393CC44C}"
EndProject
Global
	GlobalSection(SolutionConfigurationPlatforms) = preSolution
		Debug|Any CPU = Debug|Any CPU
		Release|Any CPU = Release|Any CPU
	EndGlobalSection
	GlobalSection(ProjectConfigurationPlatforms) = postSolution
		{388826E0-297F-4991-B0A9-B12BBB1D1FED}.Debug|Any CPU.ActiveCfg = Debug|Any CPU
		{388826E0-297F-4991-B0A9-B12BBB1D1FED}.Debug|Any CPU.Build.0 = Debug|Any CPU
		{388826E0-297F-4991-B0A9-B12BBB1D1FED}.Release|Any CPU.ActiveCfg = Release|Any CPU
		{388826E0-297F-4991-B0A9-B12BBB1D1FED}.Release|Any CPU.Build.0 = Release|Any CPU
		{A70F4E84-72AE-4B1C-BB94-57C2393CC44C}.Debug|Any CPU.ActiveCfg = Debug|Any CPU
		{A70F4E84-72AE-4B1C-BB94-57C2393CC44C}.Debug|Any CPU.Build.0 = Debug|Any CPU
		{A70F4E84-72AE-4B1C-BB94-57C2393CC44C}.Release|Any CPU.ActiveCfg = Release|Any CPU
		{A70F4E84-72AE-4B1C-BB94-57C2393CC44C}.Release|Any CPU.Build.0 = Release|Any CPU
	EndGlobalSection
	GlobalSection(SolutionProperties) = preSolution
		HideSolutionNode = FALSE
	EndGlobalSection
	GlobalSection(ExtensibilityGlobals) = postSolution
		EnterpriseLibraryConfigurationToolBinariesPath = packages\Unity.2.1.505.2\lib\NET35
	EndGlobalSection
EndGlobal
